
Microsoft Visual Studio Solution File, Format Version 12.00
# Visual Studio Version 16
VisualStudioVersion = 16.0.29306.81
MinimumVisualStudioVersion = 10.0.40219.1
Project("{FAE04EC0-301F-11D3-BF4B-00C04F79EFBC}") = "RunningAverageLanaZE", "RunningAverageLanaZE\RunningAverageLanaZE.csproj", "{394354DA-06FE-47BA-94ED-C073F8EE23AF}"
EndProject
Global
	GlobalSection(SolutionConfigurationPlatforms) = preSolution
		Debug|Any CPU = Debug|Any CPU
		Release|Any CPU = Release|Any CPU
	EndGlobalSection
	GlobalSection(ProjectConfigurationPlatforms) = postSolution
		{394354DA-06FE-47BA-94ED-C073F8EE23AF}.Debug|Any CPU.ActiveCfg = Debug|Any CPU
		{394354DA-06FE-47BA-94ED-C073F8EE23AF}.Debug|Any CPU.Build.0 = Debug|Any CPU
		{394354DA-06FE-47BA-94ED-C073F8EE23AF}.Release|Any CPU.ActiveCfg = Release|Any CPU
		{394354DA-06FE-47BA-94ED-C073F8EE23AF}.Release|Any CPU.Build.0 = Release|Any CPU
	EndGlobalSection
	GlobalSection(SolutionProperties) = preSolution
		HideSolutionNode = FALSE
	EndGlobalSection
	GlobalSection(ExtensibilityGlobals) = postSolution
		SolutionGuid = {01CAA5E0-8D4C-4F55-BB56-07238286356A}
	EndGlobalSection
EndGlobal
