
Microsoft Visual Studio Solution File, Format Version 12.00
# Visual Studio Version 16
VisualStudioVersion = 16.0.28922.388
MinimumVisualStudioVersion = 10.0.40219.1
Project("{FAE04EC0-301F-11D3-BF4B-00C04F79EFBC}") = "StringEqualityLanaZE", "StringEqualityLanaZE\StringEqualityLanaZE.csproj", "{92F27B28-A02F-489B-BF30-2CCF9168063F}"
EndProject
Global
	GlobalSection(SolutionConfigurationPlatforms) = preSolution
		Debug|Any CPU = Debug|Any CPU
		Release|Any CPU = Release|Any CPU
	EndGlobalSection
	GlobalSection(ProjectConfigurationPlatforms) = postSolution
		{92F27B28-A02F-489B-BF30-2CCF9168063F}.Debug|Any CPU.ActiveCfg = Debug|Any CPU
		{92F27B28-A02F-489B-BF30-2CCF9168063F}.Debug|Any CPU.Build.0 = Debug|Any CPU
		{92F27B28-A02F-489B-BF30-2CCF9168063F}.Release|Any CPU.ActiveCfg = Release|Any CPU
		{92F27B28-A02F-489B-BF30-2CCF9168063F}.Release|Any CPU.Build.0 = Release|Any CPU
	EndGlobalSection
	GlobalSection(SolutionProperties) = preSolution
		HideSolutionNode = FALSE
	EndGlobalSection
	GlobalSection(ExtensibilityGlobals) = postSolution
		SolutionGuid = {4850F452-6C7A-44BD-B50E-D84B3F1FC70C}
	EndGlobalSection
EndGlobal
