
Microsoft Visual Studio Solution File, Format Version 12.00
# Visual Studio Version 16
VisualStudioVersion = 16.0.29306.81
MinimumVisualStudioVersion = 10.0.40219.1
Project("{FAE04EC0-301F-11D3-BF4B-00C04F79EFBC}") = "UnicodeLanaZE", "UnicodeLanaZE\UnicodeLanaZE.csproj", "{57067A3B-3454-4736-A475-449009742F03}"
EndProject
Global
	GlobalSection(SolutionConfigurationPlatforms) = preSolution
		Debug|Any CPU = Debug|Any CPU
		Release|Any CPU = Release|Any CPU
	EndGlobalSection
	GlobalSection(ProjectConfigurationPlatforms) = postSolution
		{57067A3B-3454-4736-A475-449009742F03}.Debug|Any CPU.ActiveCfg = Debug|Any CPU
		{57067A3B-3454-4736-A475-449009742F03}.Debug|Any CPU.Build.0 = Debug|Any CPU
		{57067A3B-3454-4736-A475-449009742F03}.Release|Any CPU.ActiveCfg = Release|Any CPU
		{57067A3B-3454-4736-A475-449009742F03}.Release|Any CPU.Build.0 = Release|Any CPU
	EndGlobalSection
	GlobalSection(SolutionProperties) = preSolution
		HideSolutionNode = FALSE
	EndGlobalSection
	GlobalSection(ExtensibilityGlobals) = postSolution
		SolutionGuid = {B4589E8C-328E-450D-AEDE-1116B66B9877}
	EndGlobalSection
EndGlobal
