
Microsoft Visual Studio Solution File, Format Version 12.00
# Visual Studio Version 16
VisualStudioVersion = 16.0.28922.388
MinimumVisualStudioVersion = 10.0.40219.1
Project("{FAE04EC0-301F-11D3-BF4B-00C04F79EFBC}") = "WalkingManNewLanaZE", "WalkingManNewLanaZE\WalkingManNewLanaZE.csproj", "{DD98E5C7-4F3D-4925-8000-1820BC0FC375}"
EndProject
Global
	GlobalSection(SolutionConfigurationPlatforms) = preSolution
		Debug|Any CPU = Debug|Any CPU
		Release|Any CPU = Release|Any CPU
	EndGlobalSection
	GlobalSection(ProjectConfigurationPlatforms) = postSolution
		{DD98E5C7-4F3D-4925-8000-1820BC0FC375}.Debug|Any CPU.ActiveCfg = Debug|Any CPU
		{DD98E5C7-4F3D-4925-8000-1820BC0FC375}.Debug|Any CPU.Build.0 = Debug|Any CPU
		{DD98E5C7-4F3D-4925-8000-1820BC0FC375}.Release|Any CPU.ActiveCfg = Release|Any CPU
		{DD98E5C7-4F3D-4925-8000-1820BC0FC375}.Release|Any CPU.Build.0 = Release|Any CPU
	EndGlobalSection
	GlobalSection(SolutionProperties) = preSolution
		HideSolutionNode = FALSE
	EndGlobalSection
	GlobalSection(ExtensibilityGlobals) = postSolution
		SolutionGuid = {2379F8DC-1D33-44D0-BDCF-FEA7EE41A9DB}
	EndGlobalSection
EndGlobal
