
Microsoft Visual Studio Solution File, Format Version 12.00
# Visual Studio Version 16
VisualStudioVersion = 16.0.29306.81
MinimumVisualStudioVersion = 10.0.40219.1
Project("{FAE04EC0-301F-11D3-BF4B-00C04F79EFBC}") = "WalkingManLanaZE", "WalkingManLanaZE\WalkingManLanaZE.csproj", "{19C67B79-67C3-4CDE-B07E-AFA712E6D146}"
EndProject
Global
	GlobalSection(SolutionConfigurationPlatforms) = preSolution
		Debug|Any CPU = Debug|Any CPU
		Release|Any CPU = Release|Any CPU
	EndGlobalSection
	GlobalSection(ProjectConfigurationPlatforms) = postSolution
		{19C67B79-67C3-4CDE-B07E-AFA712E6D146}.Debug|Any CPU.ActiveCfg = Debug|Any CPU
		{19C67B79-67C3-4CDE-B07E-AFA712E6D146}.Debug|Any CPU.Build.0 = Debug|Any CPU
		{19C67B79-67C3-4CDE-B07E-AFA712E6D146}.Release|Any CPU.ActiveCfg = Release|Any CPU
		{19C67B79-67C3-4CDE-B07E-AFA712E6D146}.Release|Any CPU.Build.0 = Release|Any CPU
	EndGlobalSection
	GlobalSection(SolutionProperties) = preSolution
		HideSolutionNode = FALSE
	EndGlobalSection
	GlobalSection(ExtensibilityGlobals) = postSolution
		SolutionGuid = {59779687-F712-42CF-BEFE-8F8147A8DFC8}
	EndGlobalSection
EndGlobal
